github.com/coinhall/yacarsdk/v2 v2.8.3 h1:4YykZ/dfGSWNRN3ZkF2DNsoypzydcUvnYVoQrKzIjAw=
github.com/coinhall/yacarsdk/v2 v2.8.3/go.mod h1:YoYxeGvyjjgqXB/BIOQiAfRs0LpfusOxb9JZO3CxTKI=
golang.org/x/exp v0.0.0-20240613232115-7f521ea00fb8 h1:yixxcjnhBmY0nkL253HFVIm0JsFHwrHdT3Yh6szTnfY=
golang.org/x/exp v0.0.0-20240613232115-7f521ea00fb8/go.mod h1:jj3sYF3dwk5D+ghuXyeI3r5MFf+NT2An6/9dOA95KSI=
golang.org/x/text v0.16.0 h1:a94ExnEXNtEwYLGJSIUxnWoxoRz/ZcCsV63ROupILh4=
golang.org/x/text v0.16.0/go.mod h1:GhwF1Be+LQoKShO3cGOHzqOgRrGaYc9AvblQOmPVHnI=
