github.com/coinhall/yacarsdk/v2 v2.8.1 h1:dqTtGpzqyZ+Ve48pytKxJC9AnPp+4SmdQt0S2ONTe9g=
github.com/coinhall/yacarsdk/v2 v2.8.1/go.mod h1:YoYxeGvyjjgqXB/BIOQiAfRs0LpfusOxb9JZO3CxTKI=
golang.org/x/text v0.16.0 h1:a94ExnEXNtEwYLGJSIUxnWoxoRz/ZcCsV63ROupILh4=
golang.org/x/text v0.16.0/go.mod h1:GhwF1Be+LQoKShO3cGOHzqOgRrGaYc9AvblQOmPVHnI=
