github.com/coinhall/yacarsdk v1.0.0 h1:1Ek0HCcnamWf86Oe/Hg9CbIitg+WkeXt8qWETPjZm6E=
github.com/coinhall/yacarsdk v1.0.0/go.mod h1:X4KPNSsEycwnPL0NcLp5vhDK6Twe7bhQTMJ/9HYbpWE=
golang.org/x/text v0.9.0 h1:2sjJmO8cDvYveuX97RDLsxlyUxLl+GHoLxBiRdHllBE=
golang.org/x/text v0.9.0/go.mod h1:e1OnstbJyHTd6l/uOt8jFFHp6TRDWZR/bV3emEE/zU8=
