github.com/coinhall/yacar_util v0.0.6 h1:AwU1y3RhaGm7yPI8d3/4E+/OMkLrBkWw8fm3nwJFEvk=
github.com/coinhall/yacar_util v0.0.6/go.mod h1:zd5rcF26BN9wpyAdoH4grBKR36NIiuYl5DC8/I47JPk=
golang.org/x/text v0.9.0 h1:2sjJmO8cDvYveuX97RDLsxlyUxLl+GHoLxBiRdHllBE=
golang.org/x/text v0.9.0/go.mod h1:e1OnstbJyHTd6l/uOt8jFFHp6TRDWZR/bV3emEE/zU8=
